{
    "_readme": [
        "This file locks the dependencies of your project to a known state",
        "Read more about it at https://getcomposer.org/doc/01-basic-usage.md#installing-dependencies",
        "This file is @generated automatically"
    ],
    "content-hash": "bebdbe561cbf967b8e256a43796eb94b",
    "packages": [
        {
            "name": "ctala/transaccion-default",
            "version": "V0.1.12.3",
            "source": {
                "type": "git",
                "url": "https://github.com/NAITUSEIRL/PagoFacil.org-PHP-SDK.git",
                "reference": "d7031130ddd4960c36cfa09d4874888a09686c5e"
            },
            "dist": {
                "type": "zip",
                "url": "https://api.github.com/repos/NAITUSEIRL/PagoFacil.org-PHP-SDK/zipball/d7031130ddd4960c36cfa09d4874888a09686c5e",
                "reference": "d7031130ddd4960c36cfa09d4874888a09686c5e",
                "shasum": ""
            },
            "type": "library",
            "autoload": {
                "psr-4": {
                    "ctala\\transaccion\\": ""
                }
            },
            "notification-url": "https://packagist.org/downloads/",
            "license": [
                "MIT"
            ],
            "authors": [
                {
                    "name": "Cristian Tala Sanchez",
                    "email": "yomismo@cristiantala.cl"
                }
            ],
            "description": "Libreria base para generar transacciones con TBKAAS",
            "keywords": [
                " libreria",
                "extension"
            ],
            "support": {
                "issues": "https://github.com/NAITUSEIRL/PagoFacil.org-PHP-SDK/issues",
                "source": "https://github.com/NAITUSEIRL/PagoFacil.org-PHP-SDK/tree/master"
            },
            "time": "2016-12-07T12:57:39+00:00"
        },
        {
            "name": "pagofacil/php-sdk",
            "version": "v0.1",
            "source": {
                "type": "git",
                "url": "https://github.com/PSTPAGOFACIL/SDK-PHP.git",
                "reference": "af1fab9b061b37db0382c91ba589b904c2e23ec7"
            },
            "dist": {
                "type": "zip",
                "url": "https://api.github.com/repos/PSTPAGOFACIL/SDK-PHP/zipball/af1fab9b061b37db0382c91ba589b904c2e23ec7",
                "reference": "af1fab9b061b37db0382c91ba589b904c2e23ec7",
                "shasum": ""
            },
            "type": "library",
            "autoload": {
                "psr-4": {
                    "PagoFacil\\lib\\": "classes"
                }
            },
            "notification-url": "https://packagist.org/downloads/",
            "authors": [
                {
                    "name": "Stephanie Piñero",
                    "email": "stephanie@pagofacil.cl"
                }
            ],
            "support": {
                "issues": "https://github.com/PSTPAGOFACIL/SDK-PHP/issues",
                "source": "https://github.com/PSTPAGOFACIL/SDK-PHP/tree/v0.1"
            },
            "time": "2018-07-10T20:49:15+00:00"
        }
    ],
    "packages-dev": [
        {
            "name": "php-stubs/woocommerce-stubs",
            "version": "v8.5.1",
            "source": {
                "type": "git",
                "url": "https://github.com/php-stubs/woocommerce-stubs.git",
                "reference": "d2ea3610bab1e51b81c745bfdc00eeae3da8454d"
            },
            "dist": {
                "type": "zip",
                "url": "https://api.github.com/repos/php-stubs/woocommerce-stubs/zipball/d2ea3610bab1e51b81c745bfdc00eeae3da8454d",
                "reference": "d2ea3610bab1e51b81c745bfdc00eeae3da8454d",
                "shasum": ""
            },
            "require": {
                "php-stubs/wordpress-stubs": "^5.3 || ^6.0"
            },
            "require-dev": {
                "php": "~7.1 || ~8.0",
                "php-stubs/generator": "^0.8.0"
            },
            "suggest": {
                "symfony/polyfill-php73": "Symfony polyfill backporting some PHP 7.3+ features to lower PHP versions",
                "szepeviktor/phpstan-wordpress": "WordPress extensions for PHPStan"
            },
            "type": "library",
            "notification-url": "https://packagist.org/downloads/",
            "license": [
                "MIT"
            ],
            "description": "WooCommerce function and class declaration stubs for static analysis.",
            "homepage": "https://github.com/php-stubs/woocommerce-stubs",
            "keywords": [
                "PHPStan",
                "static analysis",
                "woocommerce",
                "wordpress"
            ],
            "support": {
                "issues": "https://github.com/php-stubs/woocommerce-stubs/issues",
                "source": "https://github.com/php-stubs/woocommerce-stubs/tree/v8.5.1"
            },
            "time": "2024-01-15T19:51:26+00:00"
        },
        {
            "name": "php-stubs/wordpress-stubs",
            "version": "v6.4.1",
            "source": {
                "type": "git",
                "url": "https://github.com/php-stubs/wordpress-stubs.git",
                "reference": "6d6063cf9464a306ca2a0529705d41312b08500b"
            },
            "dist": {
                "type": "zip",
                "url": "https://api.github.com/repos/php-stubs/wordpress-stubs/zipball/6d6063cf9464a306ca2a0529705d41312b08500b",
                "reference": "6d6063cf9464a306ca2a0529705d41312b08500b",
                "shasum": ""
            },
            "require-dev": {
                "dealerdirect/phpcodesniffer-composer-installer": "^1.0",
                "nikic/php-parser": "^4.13",
                "php": "^7.4 || ~8.0.0",
                "php-stubs/generator": "^0.8.3",
                "phpdocumentor/reflection-docblock": "^5.3",
                "phpstan/phpstan": "^1.10.12",
                "phpunit/phpunit": "^9.5",
                "szepeviktor/phpcs-psr-12-neutron-hybrid-ruleset": "^0.8"
            },
            "suggest": {
                "paragonie/sodium_compat": "Pure PHP implementation of libsodium",
                "symfony/polyfill-php80": "Symfony polyfill backporting some PHP 8.0+ features to lower PHP versions",
                "szepeviktor/phpstan-wordpress": "WordPress extensions for PHPStan"
            },
            "type": "library",
            "notification-url": "https://packagist.org/downloads/",
            "license": [
                "MIT"
            ],
            "description": "WordPress function and class declaration stubs for static analysis.",
            "homepage": "https://github.com/php-stubs/wordpress-stubs",
            "keywords": [
                "PHPStan",
                "static analysis",
                "wordpress"
            ],
            "support": {
                "issues": "https://github.com/php-stubs/wordpress-stubs/issues",
                "source": "https://github.com/php-stubs/wordpress-stubs/tree/v6.4.1"
            },
            "time": "2023-11-10T00:33:47+00:00"
        }
    ],
    "aliases": [],
    "minimum-stability": "stable",
    "stability-flags": [],
    "prefer-stable": false,
    "prefer-lowest": false,
    "platform": [],
    "platform-dev": [],
    "plugin-api-version": "2.6.0"
}
